hash: e23524e3139dad7a60f0844fcd6628a95e8cddb48a6a15ef4cd6976d158a3ffa
updated: 2017-10-14T13:47:27.509405422+08:00
imports:
- name: github.com/ethereum/go-ethereum
  version: 05101641455a754936acc5ddff92f35f5e33181c
  subpackages:
  - account/abi
- name: github.com/spf13/pflag
  version: e57e3eeb33f795204c1ca35f56c44f83227c6e66
testImports: []
