# This file is autogenerated, do not edit; changes may be undone by the next 'dep ensure'.


[[projects]]
  branch = "master"
  name = "github.com/btcsuite/btcd"
  packages = ["btcec"]
  revision = "2e60448ffcc6bf78332d1fe590260095f554dd78"

[[projects]]
  name = "github.com/ethereum/go-ethereum"
  packages = [
    "accounts/abi",
    "common",
    "common/hexutil",
    "common/math",
    "crypto",
    "crypto/secp256k1",
    "crypto/sha3",
    "rlp"
  ]
  revision = "05101641455a754936acc5ddff92f35f5e33181c"
  version = "v1.7.1"

[[projects]]
  branch = "master"
  name = "github.com/golang/protobuf"
  packages = ["proto"]
  revision = "1e59b77b52bf8e4b449a57e6f79f21226d571845"

[[projects]]
  name = "github.com/spf13/pflag"
  packages = ["."]
  revision = "e57e3eeb33f795204c1ca35f56c44f83227c6e66"
  version = "v1.0.0"

[solve-meta]
  analyzer-name = "dep"
  analyzer-version = 1
  inputs-digest = "40f785527cdf53f1d3fd4e449bdccd2769beab18509d39abb566d32274209c60"
  solver-name = "gps-cdcl"
  solver-version = 1
